Microsoft Visual Studio Solution File, Format Version 12.00
# Visual Studio Version 17
VisualStudioVersion = 17.5.2.0
MinimumVisualStudioVersion = 10.0.40219.1
Project("{FAE04EC0-301F-11D3-BF4B-00C04F79EFBC}") = "Portifolio", "Portifolio\Portifolio.csproj", "{C2B1F406-F9FD-3992-FC08-D07A43080919}"
EndProject
Global
	GlobalSection(SolutionConfigurationPlatforms) = preSolution
		Debug|Any CPU = Debug|Any CPU
		Release|Any CPU = Release|Any CPU
	EndGlobalSection
	GlobalSection(ProjectConfigurationPlatforms) = postSolution
		{C2B1F406-F9FD-3992-FC08-D07A43080919}.Debug|Any CPU.ActiveCfg = Debug|Any CPU
		{C2B1F406-F9FD-3992-FC08-D07A43080919}.Debug|Any CPU.Build.0 = Debug|Any CPU
		{C2B1F406-F9FD-3992-FC08-D07A43080919}.Release|Any CPU.ActiveCfg = Release|Any CPU
		{C2B1F406-F9FD-3992-FC08-D07A43080919}.Release|Any CPU.Build.0 = Release|Any CPU
	EndGlobalSection
	GlobalSection(SolutionProperties) = preSolution
		HideSolutionNode = FALSE
	EndGlobalSection
	GlobalSection(ExtensibilityGlobals) = postSolution
		SolutionGuid = {3B0C9EE1-667B-4CD4-89EB-BC0D8BFC8DFB}
	EndGlobalSection
EndGlobal
